<?xml version="1.0" encoding="utf-8"?>
<Project ToolsVersion="4.0" xmlns="http://schemas.microsoft.com/developer/msbuild/2003">
  <ItemGroup>
    <Filter Include="Vertex">
      <UniqueIdentifier>{E3D3DED7-CF75-09AE-B830-1D02A47190FE}</UniqueIdentifier>
    </Filter>
    <Filter Include="Vertex\Events">
      <UniqueIdentifier>{67E2681E-D3A2-E454-9CDD-2DD2085D2931}</UniqueIdentifier>
    </Filter>
  </ItemGroup>
  <ItemGroup>
    <ClInclude Include="src\Vertex.h" />
    <ClInclude Include="src\Vertex\Application.h">
      <Filter>Vertex</Filter>
    </ClInclude>
    <ClInclude Include="src\Vertex\Core.h">
      <Filter>Vertex</Filter>
    </ClInclude>
    <ClInclude Include="src\Vertex\EntryPoint.h">
      <Filter>Vertex</Filter>
    </ClInclude>
    <ClInclude Include="src\Vertex\Events\ApplicationEvent.h">
      <Filter>Vertex\Events</Filter>
    </ClInclude>
    <ClInclude Include="src\Vertex\Events\Event.h">
      <Filter>Vertex\Events</Filter>
    </ClInclude>
    <ClInclude Include="src\Vertex\Events\KeyEvent.h">
      <Filter>Vertex\Events</Filter>
    </ClInclude>
    <ClInclude Include="src\Vertex\Events\MouseEvent.h">
      <Filter>Vertex\Events</Filter>
    </ClInclude>
    <ClInclude Include="src\Vertex\Log.h">
      <Filter>Vertex</Filter>
    </ClInclude>
    <ClInclude Include="src\vxpch.h" />
  </ItemGroup>
  <ItemGroup>
    <ClCompile Include="src\Vertex\Application.cpp">
      <Filter>Vertex</Filter>
    </ClCompile>
    <ClCompile Include="src\Vertex\Log.cpp">
      <Filter>Vertex</Filter>
    </ClCompile>
    <ClCompile Include="src\vxpch.cpp" />
  </ItemGroup>
</Project>